
Microsoft Visual Studio Solution File, Format Version 12.00
# Visual Studio 2013
VisualStudioVersion = 12.0.40629.0
MinimumVisualStudioVersion = 10.0.40219.1
Project("{2150E333-8FDC-42A3-9474-1A3956D46DE8}") = "Solution Items", "Solution Items", "{89EEC89A-0EBA-4AB3-A696-B5E87A5906E3}"
	ProjectSection(SolutionItems) = preProject
		nuget.config = nuget.config
	EndProjectSection
EndProject
Project("{FAE04EC0-301F-11D3-BF4B-00C04F79EFBC}") = "OnlineTestWABot.Model", "OnlineTestWABot.Model\OnlineTestWABot.Model.csproj", "{9C1541D1-E24D-4D48-80A0-72DBD6632E38}"
EndProject
Global
	GlobalSection(SolutionConfigurationPlatforms) = preSolution
		Debug|Any CPU = Debug|Any CPU
		Release|Any CPU = Release|Any CPU
	EndGlobalSection
	GlobalSection(ProjectConfigurationPlatforms) = postSolution
		{9C1541D1-E24D-4D48-80A0-72DBD6632E38}.Debug|Any CPU.ActiveCfg = Debug|Any CPU
		{9C1541D1-E24D-4D48-80A0-72DBD6632E38}.Debug|Any CPU.Build.0 = Debug|Any CPU
		{9C1541D1-E24D-4D48-80A0-72DBD6632E38}.Release|Any CPU.ActiveCfg = Release|Any CPU
		{9C1541D1-E24D-4D48-80A0-72DBD6632E38}.Release|Any CPU.Build.0 = Release|Any CPU
	EndGlobalSection
	GlobalSection(SolutionProperties) = preSolution
		HideSolutionNode = FALSE
	EndGlobalSection
EndGlobal
